
Microsoft Visual Studio Solution File, Format Version 12.00
# Visual Studio 15
VisualStudioVersion = 15.0.27703.2042
MinimumVisualStudioVersion = 10.0.40219.1
Project("{FAE04EC0-301F-11D3-BF4B-00C04F79EFBC}") = "DotNetODataClient", "DotNetODataClient\DotNetODataClient.csproj", "{8A3356D4-6849-4CF8-9EE5-F100502B41C5}"
EndProject
Global
	GlobalSection(SolutionConfigurationPlatforms) = preSolution
		Debug|Any CPU = Debug|Any CPU
		Release|Any CPU = Release|Any CPU
	EndGlobalSection
	GlobalSection(ProjectConfigurationPlatforms) = postSolution
		{8A3356D4-6849-4CF8-9EE5-F100502B41C5}.Debug|Any CPU.ActiveCfg = Debug|Any CPU
		{8A3356D4-6849-4CF8-9EE5-F100502B41C5}.Debug|Any CPU.Build.0 = Debug|Any CPU
		{8A3356D4-6849-4CF8-9EE5-F100502B41C5}.Release|Any CPU.ActiveCfg = Release|Any CPU
		{8A3356D4-6849-4CF8-9EE5-F100502B41C5}.Release|Any CPU.Build.0 = Release|Any CPU
	EndGlobalSection
	GlobalSection(SolutionProperties) = preSolution
		HideSolutionNode = FALSE
	EndGlobalSection
	GlobalSection(ExtensibilityGlobals) = postSolution
		SolutionGuid = {8C757E2A-E884-4719-B967-77B494B2B9C8}
	EndGlobalSection
EndGlobal
